
Microsoft Visual Studio Solution File, Format Version 12.00
# Visual Studio 14
VisualStudioVersion = 14.0.25420.1
MinimumVisualStudioVersion = 10.0.40219.1
Project("{FAE04EC0-301F-11D3-BF4B-00C04F79EFBC}") = "Ostbanehus", "Ostbanehus\Ostbanehus.csproj", "{ED92517A-F441-4B02-960C-19AF7447FD4D}"
EndProject
Project("{FAE04EC0-301F-11D3-BF4B-00C04F79EFBC}") = "OstbanehusApp", "OstbanehusApp\OstbanehusApp.csproj", "{AE348992-D35E-4385-B324-C72A33D438E2}"
EndProject
Global
	GlobalSection(SolutionConfigurationPlatforms) = preSolution
		Debug|Any CPU = Debug|Any CPU
		Debug|ARM = Debug|ARM
		Debug|x64 = Debug|x64
		Debug|x86 = Debug|x86
		Release|Any CPU = Release|Any CPU
		Release|ARM = Release|ARM
		Release|x64 = Release|x64
		Release|x86 = Release|x86
	EndGlobalSection
	GlobalSection(ProjectConfigurationPlatforms) = postSolution
		{ED92517A-F441-4B02-960C-19AF7447FD4D}.Debug|Any CPU.ActiveCfg = Debug|Any CPU
		{ED92517A-F441-4B02-960C-19AF7447FD4D}.Debug|Any CPU.Build.0 = Debug|Any CPU
		{ED92517A-F441-4B02-960C-19AF7447FD4D}.Debug|ARM.ActiveCfg = Debug|Any CPU
		{ED92517A-F441-4B02-960C-19AF7447FD4D}.Debug|ARM.Build.0 = Debug|Any CPU
		{ED92517A-F441-4B02-960C-19AF7447FD4D}.Debug|x64.ActiveCfg = Debug|Any CPU
		{ED92517A-F441-4B02-960C-19AF7447FD4D}.Debug|x64.Build.0 = Debug|Any CPU
		{ED92517A-F441-4B02-960C-19AF7447FD4D}.Debug|x86.ActiveCfg = Debug|Any CPU
		{ED92517A-F441-4B02-960C-19AF7447FD4D}.Debug|x86.Build.0 = Debug|Any CPU
		{ED92517A-F441-4B02-960C-19AF7447FD4D}.Release|Any CPU.ActiveCfg = Release|Any CPU
		{ED92517A-F441-4B02-960C-19AF7447FD4D}.Release|Any CPU.Build.0 = Release|Any CPU
		{ED92517A-F441-4B02-960C-19AF7447FD4D}.Release|ARM.ActiveCfg = Release|Any CPU
		{ED92517A-F441-4B02-960C-19AF7447FD4D}.Release|ARM.Build.0 = Release|Any CPU
		{ED92517A-F441-4B02-960C-19AF7447FD4D}.Release|x64.ActiveCfg = Release|Any CPU
		{ED92517A-F441-4B02-960C-19AF7447FD4D}.Release|x64.Build.0 = Release|Any CPU
		{ED92517A-F441-4B02-960C-19AF7447FD4D}.Release|x86.ActiveCfg = Release|Any CPU
		{ED92517A-F441-4B02-960C-19AF7447FD4D}.Release|x86.Build.0 = Release|Any CPU
		{AE348992-D35E-4385-B324-C72A33D438E2}.Debug|Any CPU.ActiveCfg = Debug|x86
		{AE348992-D35E-4385-B324-C72A33D438E2}.Debug|ARM.ActiveCfg = Debug|ARM
		{AE348992-D35E-4385-B324-C72A33D438E2}.Debug|ARM.Build.0 = Debug|ARM
		{AE348992-D35E-4385-B324-C72A33D438E2}.Debug|ARM.Deploy.0 = Debug|ARM
		{AE348992-D35E-4385-B324-C72A33D438E2}.Debug|x64.ActiveCfg = Debug|x64
		{AE348992-D35E-4385-B324-C72A33D438E2}.Debug|x64.Build.0 = Debug|x64
		{AE348992-D35E-4385-B324-C72A33D438E2}.Debug|x64.Deploy.0 = Debug|x64
		{AE348992-D35E-4385-B324-C72A33D438E2}.Debug|x86.ActiveCfg = Debug|x86
		{AE348992-D35E-4385-B324-C72A33D438E2}.Debug|x86.Build.0 = Debug|x86
		{AE348992-D35E-4385-B324-C72A33D438E2}.Debug|x86.Deploy.0 = Debug|x86
		{AE348992-D35E-4385-B324-C72A33D438E2}.Release|Any CPU.ActiveCfg = Release|x86
		{AE348992-D35E-4385-B324-C72A33D438E2}.Release|ARM.ActiveCfg = Release|ARM
		{AE348992-D35E-4385-B324-C72A33D438E2}.Release|ARM.Build.0 = Release|ARM
		{AE348992-D35E-4385-B324-C72A33D438E2}.Release|ARM.Deploy.0 = Release|ARM
		{AE348992-D35E-4385-B324-C72A33D438E2}.Release|x64.ActiveCfg = Release|x64
		{AE348992-D35E-4385-B324-C72A33D438E2}.Release|x64.Build.0 = Release|x64
		{AE348992-D35E-4385-B324-C72A33D438E2}.Release|x64.Deploy.0 = Release|x64
		{AE348992-D35E-4385-B324-C72A33D438E2}.Release|x86.ActiveCfg = Release|x86
		{AE348992-D35E-4385-B324-C72A33D438E2}.Release|x86.Build.0 = Release|x86
		{AE348992-D35E-4385-B324-C72A33D438E2}.Release|x86.Deploy.0 = Release|x86
	EndGlobalSection
	GlobalSection(SolutionProperties) = preSolution
		HideSolutionNode = FALSE
	EndGlobalSection
EndGlobal
